
Microsoft Visual Studio Solution File, Format Version 12.00
# Visual Studio Version 17
VisualStudioVersion = 17.9.34616.47
MinimumVisualStudioVersion = 10.0.40219.1
Project("{FAE04EC0-301F-11D3-BF4B-00C04F79EFBC}") = "Task4", "Task4\Task4.csproj", "{1BE96EFF-B5CC-439A-A162-AE1B921230C6}"
EndProject
Global
	GlobalSection(SolutionConfigurationPlatforms) = preSolution
		Debug|Any CPU = Debug|Any CPU
		Release|Any CPU = Release|Any CPU
	EndGlobalSection
	GlobalSection(ProjectConfigurationPlatforms) = postSolution
		{1BE96EFF-B5CC-439A-A162-AE1B921230C6}.Debug|Any CPU.ActiveCfg = Debug|Any CPU
		{1BE96EFF-B5CC-439A-A162-AE1B921230C6}.Debug|Any CPU.Build.0 = Debug|Any CPU
		{1BE96EFF-B5CC-439A-A162-AE1B921230C6}.Release|Any CPU.ActiveCfg = Release|Any CPU
		{1BE96EFF-B5CC-439A-A162-AE1B921230C6}.Release|Any CPU.Build.0 = Release|Any CPU
	EndGlobalSection
	GlobalSection(SolutionProperties) = preSolution
		HideSolutionNode = FALSE
	EndGlobalSection
	GlobalSection(ExtensibilityGlobals) = postSolution
		SolutionGuid = {CC80F633-62E7-495E-949B-762F362BFA5F}
	EndGlobalSection
EndGlobal
